{
  "nodes": {
    "ffmpeg-src": {
      "flake": false,
      "locked": {
        "lastModified": 1755820644,
        "narHash": "sha256-okNZ1/m/thFAY3jK/GSV0+WZFnjrMr8uBPsOdH6Wq9E=",
        "owner": "FFmpeg",
        "repo": "FFmpeg",
        "rev": "140fd653aed8cad774f991ba083e2d01e86420c7",
        "type": "github"
      },
      "original": {
        "owner": "FFmpeg",
        "ref": "n8.0",
        "repo": "FFmpeg",
        "type": "github"
      }
    },
    "nixpkgs": {
      "locked": {
        "lastModified": 1762844143,
        "narHash": "sha256-SlybxLZ1/e4T2lb1czEtWVzDCVSTvk9WLwGhmxFmBxI=",
        "owner": "nixos",
        "repo": "nixpkgs",
        "rev": "9da7f1cf7f8a6e2a7cb3001b048546c92a8258b4",
        "type": "github"
      },
      "original": {
        "owner": "nixos",
        "ref": "nixos-unstable",
        "repo": "nixpkgs",
        "type": "github"
      }
    },
    "root": {
      "inputs": {
        "ffmpeg-src": "ffmpeg-src",
        "nixpkgs": "nixpkgs"
      }
    }
  },
  "root": "root",
  "version": 7
}
